
Microsoft Visual Studio Solution File, Format Version 12.00
# Visual Studio Version 17
VisualStudioVersion = 17.10.34607.79
MinimumVisualStudioVersion = 10.0.40219.1
Project("{FAE04EC0-301F-11D3-BF4B-00C04F79EFBC}") = "BlazorServerAuthentication", "BlazorServerAuthentication\BlazorServerAuthentication\BlazorServerAuthentication.csproj", "{F7AB5670-EC04-4384-AD3F-2C80BAEB6F45}"
EndProject
Project("{FAE04EC0-301F-11D3-BF4B-00C04F79EFBC}") = "BlazorServerAuthentication.Client", "BlazorServerAuthentication\BlazorServerAuthentication.Client\BlazorServerAuthentication.Client.csproj", "{80E93D2F-3446-4379-B938-B125D362C4DA}"
EndProject
Global
	GlobalSection(SolutionConfigurationPlatforms) = preSolution
		Debug|Any CPU = Debug|Any CPU
		Release|Any CPU = Release|Any CPU
	EndGlobalSection
	GlobalSection(ProjectConfigurationPlatforms) = postSolution
		{F7AB5670-EC04-4384-AD3F-2C80BAEB6F45}.Debug|Any CPU.ActiveCfg = Debug|Any CPU
		{F7AB5670-EC04-4384-AD3F-2C80BAEB6F45}.Debug|Any CPU.Build.0 = Debug|Any CPU
		{F7AB5670-EC04-4384-AD3F-2C80BAEB6F45}.Release|Any CPU.ActiveCfg = Release|Any CPU
		{F7AB5670-EC04-4384-AD3F-2C80BAEB6F45}.Release|Any CPU.Build.0 = Release|Any CPU
		{80E93D2F-3446-4379-B938-B125D362C4DA}.Debug|Any CPU.ActiveCfg = Debug|Any CPU
		{80E93D2F-3446-4379-B938-B125D362C4DA}.Debug|Any CPU.Build.0 = Debug|Any CPU
		{80E93D2F-3446-4379-B938-B125D362C4DA}.Release|Any CPU.ActiveCfg = Release|Any CPU
		{80E93D2F-3446-4379-B938-B125D362C4DA}.Release|Any CPU.Build.0 = Release|Any CPU
	EndGlobalSection
	GlobalSection(SolutionProperties) = preSolution
		HideSolutionNode = FALSE
	EndGlobalSection
	GlobalSection(ExtensibilityGlobals) = postSolution
		SolutionGuid = {1C561277-3BCF-41B5-899D-BACC321407B8}
	EndGlobalSection
EndGlobal
